
Microsoft Visual Studio Solution File, Format Version 12.00
# Visual Studio Version 17
VisualStudioVersion = 17.9.34616.47
MinimumVisualStudioVersion = 10.0.40219.1
Project("{9A19103F-16F7-4668-BE54-9A1E7A4F7556}") = "TestCarPhoneNumbers", "TestCarPhoneNumbers\TestCarPhoneNumbers.csproj", "{8CCB9697-6CBD-42D4-AE00-FAC8F94FBC52}"
EndProject
Project("{FAE04EC0-301F-11D3-BF4B-00C04F79EFBC}") = "Data", "Data\Data.csproj", "{3A14A53B-E43B-4BFD-85CE-8A4950C6EA10}"
EndProject
Global
	GlobalSection(SolutionConfigurationPlatforms) = preSolution
		Debug|Any CPU = Debug|Any CPU
		Release|Any CPU = Release|Any CPU
	EndGlobalSection
	GlobalSection(ProjectConfigurationPlatforms) = postSolution
		{8CCB9697-6CBD-42D4-AE00-FAC8F94FBC52}.Debug|Any CPU.ActiveCfg = Debug|Any CPU
		{8CCB9697-6CBD-42D4-AE00-FAC8F94FBC52}.Debug|Any CPU.Build.0 = Debug|Any CPU
		{8CCB9697-6CBD-42D4-AE00-FAC8F94FBC52}.Release|Any CPU.ActiveCfg = Release|Any CPU
		{8CCB9697-6CBD-42D4-AE00-FAC8F94FBC52}.Release|Any CPU.Build.0 = Release|Any CPU
		{3A14A53B-E43B-4BFD-85CE-8A4950C6EA10}.Debug|Any CPU.ActiveCfg = Debug|Any CPU
		{3A14A53B-E43B-4BFD-85CE-8A4950C6EA10}.Debug|Any CPU.Build.0 = Debug|Any CPU
		{3A14A53B-E43B-4BFD-85CE-8A4950C6EA10}.Release|Any CPU.ActiveCfg = Release|Any CPU
		{3A14A53B-E43B-4BFD-85CE-8A4950C6EA10}.Release|Any CPU.Build.0 = Release|Any CPU
	EndGlobalSection
	GlobalSection(SolutionProperties) = preSolution
		HideSolutionNode = FALSE
	EndGlobalSection
	GlobalSection(ExtensibilityGlobals) = postSolution
		SolutionGuid = {EB50E56C-B95E-4472-8CC2-3A820A4E1C34}
	EndGlobalSection
EndGlobal
